
Microsoft Visual Studio Solution File, Format Version 12.00
# Visual Studio Version 17
VisualStudioVersion = 17.14.36221.1 d17.14
MinimumVisualStudioVersion = 10.0.40219.1
Project("{FAE04EC0-301F-11D3-BF4B-00C04F79EFBC}") = "WebAPI", "WebAPI\WebAPI.csproj", "{CEA99A04-83E4-4F92-B482-EED6991474A5}"
EndProject
Global
	GlobalSection(SolutionConfigurationPlatforms) = preSolution
		Debug|Any CPU = Debug|Any CPU
		Release|Any CPU = Release|Any CPU
	EndGlobalSection
	GlobalSection(ProjectConfigurationPlatforms) = postSolution
		{CEA99A04-83E4-4F92-B482-EED6991474A5}.Debug|Any CPU.ActiveCfg = Debug|Any CPU
		{CEA99A04-83E4-4F92-B482-EED6991474A5}.Debug|Any CPU.Build.0 = Debug|Any CPU
		{CEA99A04-83E4-4F92-B482-EED6991474A5}.Release|Any CPU.ActiveCfg = Release|Any CPU
		{CEA99A04-83E4-4F92-B482-EED6991474A5}.Release|Any CPU.Build.0 = Release|Any CPU
	EndGlobalSection
	GlobalSection(SolutionProperties) = preSolution
		HideSolutionNode = FALSE
	EndGlobalSection
	GlobalSection(ExtensibilityGlobals) = postSolution
		SolutionGuid = {0F1AC8ED-1C7A-4C11-8B75-582DC8CDD2D4}
	EndGlobalSection
EndGlobal
